
Microsoft Visual Studio Solution File, Format Version 12.00
# Visual Studio Version 17
VisualStudioVersion = 17.11.35219.272
MinimumVisualStudioVersion = 10.0.40219.1
Project("{FAE04EC0-301F-11D3-BF4B-00C04F79EFBC}") = "RealTimeCharts.Server", "RealTimeCharts.Server\RealTimeCharts.Server.csproj", "{62DA36C1-3A95-4BAC-893B-FF87E39DF617}"
EndProject
Project("{54A90642-561A-4BB1-A94E-469ADEE60C69}") = "realtimecharts.client", "realtimecharts.client\realtimecharts.client.esproj", "{4E46D2A2-A64C-45DF-A897-F1B6959CA85D}"
EndProject
Global
	GlobalSection(SolutionConfigurationPlatforms) = preSolution
		Debug|Any CPU = Debug|Any CPU
		Release|Any CPU = Release|Any CPU
	EndGlobalSection
	GlobalSection(ProjectConfigurationPlatforms) = postSolution
		{62DA36C1-3A95-4BAC-893B-FF87E39DF617}.Debug|Any CPU.ActiveCfg = Debug|Any CPU
		{62DA36C1-3A95-4BAC-893B-FF87E39DF617}.Debug|Any CPU.Build.0 = Debug|Any CPU
		{62DA36C1-3A95-4BAC-893B-FF87E39DF617}.Release|Any CPU.ActiveCfg = Release|Any CPU
		{62DA36C1-3A95-4BAC-893B-FF87E39DF617}.Release|Any CPU.Build.0 = Release|Any CPU
		{4E46D2A2-A64C-45DF-A897-F1B6959CA85D}.Debug|Any CPU.ActiveCfg = Debug|Any CPU
		{4E46D2A2-A64C-45DF-A897-F1B6959CA85D}.Debug|Any CPU.Build.0 = Debug|Any CPU
		{4E46D2A2-A64C-45DF-A897-F1B6959CA85D}.Debug|Any CPU.Deploy.0 = Debug|Any CPU
		{4E46D2A2-A64C-45DF-A897-F1B6959CA85D}.Release|Any CPU.ActiveCfg = Release|Any CPU
		{4E46D2A2-A64C-45DF-A897-F1B6959CA85D}.Release|Any CPU.Build.0 = Release|Any CPU
		{4E46D2A2-A64C-45DF-A897-F1B6959CA85D}.Release|Any CPU.Deploy.0 = Release|Any CPU
	EndGlobalSection
	GlobalSection(SolutionProperties) = preSolution
		HideSolutionNode = FALSE
	EndGlobalSection
	GlobalSection(ExtensibilityGlobals) = postSolution
		SolutionGuid = {D53F9E90-7C9D-4C86-A807-6E9339361988}
	EndGlobalSection
EndGlobal
